// !$*UTF8*$!
{
	archiveVersion = 1;
	classes = {
	};
	objectVersion = 56;
	objects = {

/* Begin PBXBuildFile section */
		530A29A82AFE7BB800EC3BDA /* MakeItSoApp.swift in Sources */ = {isa = PBXBuildFile; fileRef = 530A29A72AFE7BB800EC3BDA /* MakeItSoApp.swift */; };
		530A29AA2AFE7BB800EC3BDA /* RemindersListView.swift in Sources */ = {isa = PBXBuildFile; fileRef = 530A29A92AFE7BB800EC3BDA /* RemindersListView.swift */; };
		530A29AC2AFE7BBA00EC3BDA /* Assets.xcassets in Resources */ = {isa = PBXBuildFile; fileRef = 530A29AB2AFE7BBA00EC3BDA /* Assets.xcassets */; };
		530A29AF2AFE7BBA00EC3BDA /* Preview Assets.xcassets in Resources */ = {isa = PBXBuildFile; fileRef = 530A29AE2AFE7BBA00EC3BDA /* Preview Assets.xcassets */; };
		530A29B62AFE7BE100EC3BDA /* Reminder.swift in Sources */ = {isa = PBXBuildFile; fileRef = 530A29B52AFE7BE100EC3BDA /* Reminder.swift */; };
		530A29B82AFE80CB00EC3BDA /* AddReminderView.swift in Sources */ = {isa = PBXBuildFile; fileRef = 530A29B72AFE80CB00EC3BDA /* AddReminderView.swift */; };
		530A29BF2AFE998100EC3BDA /* RemindersListViewModel.swift in Sources */ = {isa = PBXBuildFile; fileRef = 530A29BE2AFE998100EC3BDA /* RemindersListViewModel.swift */; };
/* End PBXBuildFile section */

/* Begin PBXFileReference section */
		530A29A42AFE7BB800EC3BDA /* MakeItSo.app */ = {isa = PBXFileReference; explicitFileType = wrapper.application; includeInIndex = 0; path = MakeItSo.app; sourceTree = BUILT_PRODUCTS_DIR; };
		530A29A72AFE7BB800EC3BDA /* MakeItSoApp.swift */ = {isa = PBXFileReference; lastKnownFileType = sourcecode.swift; path = MakeItSoApp.swift; sourceTree = "<group>"; };
		530A29A92AFE7BB800EC3BDA /* RemindersListView.swift */ = {isa = PBXFileReference; lastKnownFileType = sourcecode.swift; path = RemindersListView.swift; sourceTree = "<group>"; };
		530A29AB2AFE7BBA00EC3BDA /* Assets.xcassets */ = {isa = PBXFileReference; lastKnownFileType = folder.assetcatalog; path = Assets.xcassets; sourceTree = "<group>"; };
		530A29AE2AFE7BBA00EC3BDA /* Preview Assets.xcassets */ = {isa = PBXFileReference; lastKnownFileType = folder.assetcatalog; path = "Preview Assets.xcassets"; sourceTree = "<group>"; };
		530A29B52AFE7BE100EC3BDA /* Reminder.swift */ = {isa = PBXFileReference; lastKnownFileType = sourcecode.swift; path = Reminder.swift; sourceTree = "<group>"; };
		530A29B72AFE80CB00EC3BDA /* AddReminderView.swift */ = {isa = PBXFileReference; lastKnownFileType = sourcecode.swift; path = AddReminderView.swift; sourceTree = "<group>"; };
		530A29BE2AFE998100EC3BDA /* RemindersListViewModel.swift */ = {isa = PBXFileReference; lastKnownFileType = sourcecode.swift; path = RemindersListViewModel.swift; sourceTree = "<group>"; };
/* End PBXFileReference section */

/* Begin PBXFrameworksBuildPhase section */
		530A29A12AFE7BB800EC3BDA /* Frameworks */ = {
			isa = PBXFrameworksBuildPhase;
			buildActionMask = 2147483647;
			files = (
			);
			runOnlyForDeploymentPostprocessing = 0;
		};
/* End PBXFrameworksBuildPhase section */

/* Begin PBXGroup section */
		530A299B2AFE7BB800EC3BDA = {
			isa = PBXGroup;
			children = (
				530A29A62AFE7BB800EC3BDA /* MakeItSo */,
				530A29A52AFE7BB800EC3BDA /* Products */,
			);
			sourceTree = "<group>";
		};
		530A29A52AFE7BB800EC3BDA /* Products */ = {
			isa = PBXGroup;
			children = (
				530A29A42AFE7BB800EC3BDA /* MakeItSo.app */,
			);
			name = Products;
			sourceTree = "<group>";
		};
		530A29A62AFE7BB800EC3BDA /* MakeItSo */ = {
			isa = PBXGroup;
			children = (
				530A29B92AFE989E00EC3BDA /* Features */,
				530A29A72AFE7BB800EC3BDA /* MakeItSoApp.swift */,
				530A29AB2AFE7BBA00EC3BDA /* Assets.xcassets */,
				530A29AD2AFE7BBA00EC3BDA /* Preview Content */,
			);
			path = MakeItSo;
			sourceTree = "<group>";
		};
		530A29AD2AFE7BBA00EC3BDA /* Preview Content */ = {
			isa = PBXGroup;
			children = (
				530A29AE2AFE7BBA00EC3BDA /* Preview Assets.xcassets */,
			);
			path = "Preview Content";
			sourceTree = "<group>";
		};
		530A29B92AFE989E00EC3BDA /* Features */ = {
			isa = PBXGroup;
			children = (
				530A29BA2AFE98AC00EC3BDA /* Reminders */,
			);
			path = Features;
			sourceTree = "<group>";
		};
		530A29BA2AFE98AC00EC3BDA /* Reminders */ = {
			isa = PBXGroup;
			children = (
				530A29BB2AFE98BD00EC3BDA /* Models */,
				530A29BC2AFE98C500EC3BDA /* ViewModels */,
				530A29BD2AFE98CE00EC3BDA /* Views */,
			);
			path = Reminders;
			sourceTree = "<group>";
		};
		530A29BB2AFE98BD00EC3BDA /* Models */ = {
			isa = PBXGroup;
			children = (
				530A29B52AFE7BE100EC3BDA /* Reminder.swift */,
			);
			path = Models;
			sourceTree = "<group>";
		};
		530A29BC2AFE98C500EC3BDA /* ViewModels */ = {
			isa = PBXGroup;
			children = (
				530A29BE2AFE998100EC3BDA /* RemindersListViewModel.swift */,
			);
			path = ViewModels;
			sourceTree = "<group>";
		};
		530A29BD2AFE98CE00EC3BDA /* Views */ = {
			isa = PBXGroup;
			children = (
				530A29A92AFE7BB800EC3BDA /* RemindersListView.swift */,
				530A29B72AFE80CB00EC3BDA /* AddReminderView.swift */,
			);
			path = Views;
			sourceTree = "<group>";
		};
/* End PBXGroup section */

/* Begin PBXNativeTarget section */
		530A29A32AFE7BB800EC3BDA /* MakeItSo */ = {
			isa = PBXNativeTarget;
			buildConfigurationList = 530A29B22AFE7BBA00EC3BDA /* Build configuration list for PBXNativeTarget "MakeItSo" */;
			buildPhases = (
				530A29A02AFE7BB800EC3BDA /* Sources */,
				530A29A12AFE7BB800EC3BDA /* Frameworks */,
				530A29A22AFE7BB800EC3BDA /* Resources */,
			);
			buildRules = (
			);
			dependencies = (
			);
			name = MakeItSo;
			productName = MakeItSo;
			productReference = 530A29A42AFE7BB800EC3BDA /* MakeItSo.app */;
			productType = "com.apple.product-type.application";
		};
/* End PBXNativeTarget section */

/* Begin PBXProject section */
		530A299C2AFE7BB800EC3BDA /* Project object */ = {
			isa = PBXProject;
			attributes = {
				BuildIndependentTargetsInParallel = 1;
				LastSwiftUpdateCheck = 1500;
				LastUpgradeCheck = 1500;
				TargetAttributes = {
					530A29A32AFE7BB800EC3BDA = {
						CreatedOnToolsVersion = 15.0;
					};
				};
			};
			buildConfigurationList = 530A299F2AFE7BB800EC3BDA /* Build configuration list for PBXProject "MakeItSo" */;
			compatibilityVersion = "Xcode 14.0";
			developmentRegion = en;
			hasScannedForEncodings = 0;
			knownRegions = (
				en,
				Base,
			);
			mainGroup = 530A299B2AFE7BB800EC3BDA;
			productRefGroup = 530A29A52AFE7BB800EC3BDA /* Products */;
			projectDirPath = "";
			projectRoot = "";
			targets = (
				530A29A32AFE7BB800EC3BDA /* MakeItSo */,
			);
		};
/* End PBXProject section */

/* Begin PBXResourcesBuildPhase section */
		530A29A22AFE7BB800EC3BDA /* Resources */ = {
			isa = PBXResourcesBuildPhase;
			buildActionMask = 2147483647;
			files = (
				530A29AF2AFE7BBA00EC3BDA /* Preview Assets.xcassets in Resources */,
				530A29AC2AFE7BBA00EC3BDA /* Assets.xcassets in Resources */,
			);
			runOnlyForDeploymentPostprocessing = 0;
		};
/* End PBXResourcesBuildPhase section */

/* Begin PBXSourcesBuildPhase section */
		530A29A02AFE7BB800EC3BDA /* Sources */ = {
			isa = PBXSourcesBuildPhase;
			buildActionMask = 2147483647;
			files = (
				530A29BF2AFE998100EC3BDA /* RemindersListViewModel.swift in Sources */,
				530A29B62AFE7BE100EC3BDA /* Reminder.swift in Sources */,
				530A29AA2AFE7BB800EC3BDA /* RemindersListView.swift in Sources */,
				530A29B82AFE80CB00EC3BDA /* AddReminderView.swift in Sources */,
				530A29A82AFE7BB800EC3BDA /* MakeItSoApp.swift in Sources */,
			);
			runOnlyForDeploymentPostprocessing = 0;
		};
/* End PBXSourcesBuildPhase section */

/* Begin XCBuildConfiguration section */
		530A29B02AFE7BBA00EC3BDA /* Debug */ = {
			isa = XCBuildConfiguration;
			buildSettings = {
				ALWAYS_SEARCH_USER_PATHS = NO;
				ASSETCATALOG_COMPILER_GENERATE_SWIFT_ASSET_SYMBOL_EXTENSIONS = YES;
				CLANG_ANALYZER_NONNULL = YES;
				CLANG_ANALYZER_NUMBER_OBJECT_CONVERSION = YES_AGGRESSIVE;
				CLANG_CXX_LANGUAGE_STANDARD = "gnu++20";
				CLANG_ENABLE_MODULES = YES;
				CLANG_ENABLE_OBJC_ARC = YES;
				CLANG_ENABLE_OBJC_WEAK = YES;
				CLANG_WARN_BLOCK_CAPTURE_AUTORELEASING = YES;
				CLANG_WARN_BOOL_CONVERSION = YES;
				CLANG_WARN_COMMA = YES;
				CLANG_WARN_CONSTANT_CONVERSION = YES;
				CLANG_WARN_DEPRECATED_OBJC_IMPLEMENTATIONS = YES;
				CLANG_WARN_DIRECT_OBJC_ISA_USAGE = YES_ERROR;
				CLANG_WARN_DOCUMENTATION_COMMENTS = YES;
				CLANG_WARN_EMPTY_BODY = YES;
				CLANG_WARN_ENUM_CONVERSION = YES;
				CLANG_WARN_INFINITE_RECURSION = YES;
				CLANG_WARN_INT_CONVERSION = YES;
				CLANG_WARN_NON_LITERAL_NULL_CONVERSION = YES;
				CLANG_WARN_OBJC_IMPLICIT_RETAIN_SELF = YES;
				CLANG_WARN_OBJC_LITERAL_CONVERSION = YES;
				CLANG_WARN_OBJC_ROOT_CLASS = YES_ERROR;
				CLANG_WARN_QUOTED_INCLUDE_IN_FRAMEWORK_HEADER = YES;
				CLANG_WARN_RANGE_LOOP_ANALYSIS = YES;
				CLANG_WARN_STRICT_PROTOTYPES = YES;
				CLANG_WARN_SUSPICIOUS_MOVE = YES;
				CLANG_WARN_UNGUARDED_AVAILABILITY = YES_AGGRESSIVE;
				CLANG_WARN_UNREACHABLE_CODE = YES;
				CLANG_WARN__DUPLICATE_METHOD_MATCH = YES;
				COPY_PHASE_STRIP = NO;
				DEBUG_INFORMATION_FORMAT = dwarf;
				ENABLE_STRICT_OBJC_MSGSEND = YES;
				ENABLE_TESTABILITY = YES;
				ENABLE_USER_SCRIPT_SANDBOXING = YES;
				GCC_C_LANGUAGE_STANDARD = gnu17;
				GCC_DYNAMIC_NO_PIC = NO;
				GCC_NO_COMMON_BLOCKS = YES;
				GCC_OPTIMIZATION_LEVEL = 0;
				GCC_PREPROCESSOR_DEFINITIONS = (
					"DEBUG=1",
					"$(inherited)",
				);
				GCC_WARN_64_TO_32_BIT_CONVERSION = YES;
				GCC_WARN_ABOUT_RETURN_TYPE = YES_ERROR;
				GCC_WARN_UNDECLARED_SELECTOR = YES;
				GCC_WARN_UNINITIALIZED_AUTOS = YES_AGGRESSIVE;
				GCC_WARN_UNUSED_FUNCTION = YES;
				GCC_WARN_UNUSED_VARIABLE = YES;
				IPHONEOS_DEPLOYMENT_TARGET = 17.0;
				LOCALIZATION_PREFERS_STRING_CATALOGS = YES;
				MTL_ENABLE_DEBUG_INFO = INCLUDE_SOURCE;
				MTL_FAST_MATH = YES;
				ONLY_ACTIVE_ARCH = YES;
				SDKROOT = iphoneos;
				SWIFT_ACTIVE_COMPILATION_CONDITIONS = "DEBUG $(inherited)";
				SWIFT_OPTIMIZATION_LEVEL = "-Onone";
			};
			name = Debug;
		};
		530A29B12AFE7BBA00EC3BDA /* Release */ = {
			isa = XCBuildConfiguration;
			buildSettings = {
				ALWAYS_SEARCH_USER_PATHS = NO;
				ASSETCATALOG_COMPILER_GENERATE_SWIFT_ASSET_SYMBOL_EXTENSIONS = YES;
				CLANG_ANALYZER_NONNULL = YES;
				CLANG_ANALYZER_NUMBER_OBJECT_CONVERSION = YES_AGGRESSIVE;
				CLANG_CXX_LANGUAGE_STANDARD = "gnu++20";
				CLANG_ENABLE_MODULES = YES;
				CLANG_ENABLE_OBJC_ARC = YES;
				CLANG_ENABLE_OBJC_WEAK = YES;
				CLANG_WARN_BLOCK_CAPTURE_AUTORELEASING = YES;
				CLANG_WARN_BOOL_CONVERSION = YES;
				CLANG_WARN_COMMA = YES;
				CLANG_WARN_CONSTANT_CONVERSION = YES;
				CLANG_WARN_DEPRECATED_OBJC_IMPLEMENTATIONS = YES;
				CLANG_WARN_DIRECT_OBJC_ISA_USAGE = YES_ERROR;
				CLANG_WARN_DOCUMENTATION_COMMENTS = YES;
				CLANG_WARN_EMPTY_BODY = YES;
				CLANG_WARN_ENUM_CONVERSION = YES;
				CLANG_WARN_INFINITE_RECURSION = YES;
				CLANG_WARN_INT_CONVERSION = YES;
				CLANG_WARN_NON_LITERAL_NULL_CONVERSION = YES;
				CLANG_WARN_OBJC_IMPLICIT_RETAIN_SELF = YES;
				CLANG_WARN_OBJC_LITERAL_CONVERSION = YES;
				CLANG_WARN_OBJC_ROOT_CLASS = YES_ERROR;
				CLANG_WARN_QUOTED_INCLUDE_IN_FRAMEWORK_HEADER = YES;
				CLANG_WARN_RANGE_LOOP_ANALYSIS = YES;
				CLANG_WARN_STRICT_PROTOTYPES = YES;
				CLANG_WARN_SUSPICIOUS_MOVE = YES;
				CLANG_WARN_UNGUARDED_AVAILABILITY = YES_AGGRESSIVE;
				CLANG_WARN_UNREACHABLE_CODE = YES;
				CLANG_WARN__DUPLICATE_METHOD_MATCH = YES;
				COPY_PHASE_STRIP = NO;
				DEBUG_INFORMATION_FORMAT = "dwarf-with-dsym";
				ENABLE_NS_ASSERTIONS = NO;
				ENABLE_STRICT_OBJC_MSGSEND = YES;
				ENABLE_USER_SCRIPT_SANDBOXING = YES;
				GCC_C_LANGUAGE_STANDARD = gnu17;
				GCC_NO_COMMON_BLOCKS = YES;
				GCC_WARN_64_TO_32_BIT_CONVERSION = YES;
				GCC_WARN_ABOUT_RETURN_TYPE = YES_ERROR;
				GCC_WARN_UNDECLARED_SELECTOR = YES;
				GCC_WARN_UNINITIALIZED_AUTOS = YES_AGGRESSIVE;
				GCC_WARN_UNUSED_FUNCTION = YES;
				GCC_WARN_UNUSED_VARIABLE = YES;
				IPHONEOS_DEPLOYMENT_TARGET = 17.0;
				LOCALIZATION_PREFERS_STRING_CATALOGS = YES;
				MTL_ENABLE_DEBUG_INFO = NO;
				MTL_FAST_MATH = YES;
				SDKROOT = iphoneos;
				SWIFT_COMPILATION_MODE = wholemodule;
				VALIDATE_PRODUCT = YES;
			};
			name = Release;
		};
		530A29B32AFE7BBA00EC3BDA /* Debug */ = {
			isa = XCBuildConfiguration;
			buildSettings = {
				ASSETCATALOG_COMPILER_APPICON_NAME = AppIcon;
				ASSETCATALOG_COMPILER_GLOBAL_ACCENT_COLOR_NAME = AccentColor;
				CODE_SIGN_STYLE = Automatic;
				CURRENT_PROJECT_VERSION = 1;
				DEVELOPMENT_ASSET_PATHS = "\"MakeItSo/Preview Content\"";
				DEVELOPMENT_TEAM = 53KX5QHV7H;
				ENABLE_PREVIEWS = YES;
				GENERATE_INFOPLIST_FILE = YES;
				INFOPLIST_KEY_UIApplicationSceneManifest_Generation = YES;
				INFOPLIST_KEY_UIApplicationSupportsIndirectInputEvents = YES;
				INFOPLIST_KEY_UILaunchScreen_Generation = YES;
				INFOPLIST_KEY_UISupportedInterfaceOrientations_iPad = "UIInterfaceOrientationPortrait UIInterfaceOrientationPortraitUpsideDown UIInterfaceOrientationLandscapeLeft UIInterfaceOrientationLandscapeRight";
				INFOPLIST_KEY_UISupportedInterfaceOrientations_iPhone = "UIInterfaceOrientationPortrait UIInterfaceOrientationLandscapeLeft UIInterfaceOrientationLandscapeRight";
				LD_RUNPATH_SEARCH_PATHS = (
					"$(inherited)",
					"@executable_path/Frameworks",
				);
				MARKETING_VERSION = 1.0;
				PRODUCT_BUNDLE_IDENTIFIER = it.training.peterfriese.swiftui.MakeItSo;
				PRODUCT_NAME = "$(TARGET_NAME)";
				SWIFT_EMIT_LOC_STRINGS = YES;
				SWIFT_VERSION = 5.0;
				TARGETED_DEVICE_FAMILY = "1,2";
			};
			name = Debug;
		};
		530A29B42AFE7BBA00EC3BDA /* Release */ = {
			isa = XCBuildConfiguration;
			buildSettings = {
				ASSETCATALOG_COMPILER_APPICON_NAME = AppIcon;
				ASSETCATALOG_COMPILER_GLOBAL_ACCENT_COLOR_NAME = AccentColor;
				CODE_SIGN_STYLE = Automatic;
				CURRENT_PROJECT_VERSION = 1;
				DEVELOPMENT_ASSET_PATHS = "\"MakeItSo/Preview Content\"";
				DEVELOPMENT_TEAM = 53KX5QHV7H;
				ENABLE_PREVIEWS = YES;
				GENERATE_INFOPLIST_FILE = YES;
				INFOPLIST_KEY_UIApplicationSceneManifest_Generation = YES;
				INFOPLIST_KEY_UIApplicationSupportsIndirectInputEvents = YES;
				INFOPLIST_KEY_UILaunchScreen_Generation = YES;
				INFOPLIST_KEY_UISupportedInterfaceOrientations_iPad = "UIInterfaceOrientationPortrait UIInterfaceOrientationPortraitUpsideDown UIInterfaceOrientationLandscapeLeft UIInterfaceOrientationLandscapeRight";
				INFOPLIST_KEY_UISupportedInterfaceOrientations_iPhone = "UIInterfaceOrientationPortrait UIInterfaceOrientationLandscapeLeft UIInterfaceOrientationLandscapeRight";
				LD_RUNPATH_SEARCH_PATHS = (
					"$(inherited)",
					"@executable_path/Frameworks",
				);
				MARKETING_VERSION = 1.0;
				PRODUCT_BUNDLE_IDENTIFIER = it.training.peterfriese.swiftui.MakeItSo;
				PRODUCT_NAME = "$(TARGET_NAME)";
				SWIFT_EMIT_LOC_STRINGS = YES;
				SWIFT_VERSION = 5.0;
				TARGETED_DEVICE_FAMILY = "1,2";
			};
			name = Release;
		};
/* End XCBuildConfiguration section */

/* Begin XCConfigurationList section */
		530A299F2AFE7BB800EC3BDA /* Build configuration list for PBXProject "MakeItSo" */ = {
			isa = XCConfigurationList;
			buildConfigurations = (
				530A29B02AFE7BBA00EC3BDA /* Debug */,
				530A29B12AFE7BBA00EC3BDA /* Release */,
			);
			defaultConfigurationIsVisible = 0;
			defaultConfigurationName = Release;
		};
		530A29B22AFE7BBA00EC3BDA /* Build configuration list for PBXNativeTarget "MakeItSo" */ = {
			isa = XCConfigurationList;
			buildConfigurations = (
				530A29B32AFE7BBA00EC3BDA /* Debug */,
				530A29B42AFE7BBA00EC3BDA /* Release */,
			);
			defaultConfigurationIsVisible = 0;
			defaultConfigurationName = Release;
		};
/* End XCConfigurationList section */
	};
	rootObject = 530A299C2AFE7BB800EC3BDA /* Project object */;
}
